
Microsoft Visual Studio Solution File, Format Version 12.00
# Visual Studio 2015
Project("{FAE04EC0-301F-11D3-BF4B-00C04F79EFBC}") = "ArrowGame.CSharp", "ArrowGame.CSharp.csproj", "{98E7B08F-41CE-227B-2CCD-0D8310A94C30}"
EndProject
Project("{FAE04EC0-301F-11D3-BF4B-00C04F79EFBC}") = "ArrowGame.CSharp.Editor", "ArrowGame.CSharp.Editor.csproj", "{70AE7E3B-927E-089E-CECC-BF4272B21ECC}"
EndProject
Global
	GlobalSection(SolutionConfigurationPlatforms) = preSolution
		Debug|Any CPU = Debug|Any CPU
		Release|Any CPU = Release|Any CPU
	EndGlobalSection
	GlobalSection(ProjectConfigurationPlatforms) = postSolution
		{98E7B08F-41CE-227B-2CCD-0D8310A94C30}.Debug|Any CPU.ActiveCfg = Debug|Any CPU
		{98E7B08F-41CE-227B-2CCD-0D8310A94C30}.Debug|Any CPU.Build.0 = Debug|Any CPU
		{98E7B08F-41CE-227B-2CCD-0D8310A94C30}.Release|Any CPU.ActiveCfg = Release|Any CPU
		{98E7B08F-41CE-227B-2CCD-0D8310A94C30}.Release|Any CPU.Build.0 = Release|Any CPU
		{70AE7E3B-927E-089E-CECC-BF4272B21ECC}.Debug|Any CPU.ActiveCfg = Debug|Any CPU
		{70AE7E3B-927E-089E-CECC-BF4272B21ECC}.Debug|Any CPU.Build.0 = Debug|Any CPU
		{70AE7E3B-927E-089E-CECC-BF4272B21ECC}.Release|Any CPU.ActiveCfg = Release|Any CPU
		{70AE7E3B-927E-089E-CECC-BF4272B21ECC}.Release|Any CPU.Build.0 = Release|Any CPU
	EndGlobalSection
	GlobalSection(SolutionProperties) = preSolution
		HideSolutionNode = FALSE
	EndGlobalSection
EndGlobal
